
Microsoft Visual Studio Solution File, Format Version 12.00
# Visual Studio Version 17
VisualStudioVersion = 17.5.33627.172
MinimumVisualStudioVersion = 10.0.40219.1
Project("{FAE04EC0-301F-11D3-BF4B-00C04F79EFBC}") = "hrms.API", "hrms.API\hrms.API.csproj", "{97BFC0A7-DA1D-4C8E-B654-4982C4A35D50}"
EndProject
Project("{2150E333-8FDC-42A3-9474-1A3956D46DE8}") = "application", "application", "{B6504A2D-6257-485E-A6FD-54AA7DED339E}"
EndProject
Project("{2150E333-8FDC-42A3-9474-1A3956D46DE8}") = "presentation", "presentation", "{D1F97EC0-1158-4DDD-8533-2616D2D67E54}"
EndProject
Project("{2150E333-8FDC-42A3-9474-1A3956D46DE8}") = "persistance", "persistance", "{9B66B853-8704-4424-9FD0-5B15C7AB6F21}"
EndProject
Project("{FAE04EC0-301F-11D3-BF4B-00C04F79EFBC}") = "hrms.Application", "hrms.Application\hrms.Application.csproj", "{55A2EB5C-33D0-4DB4-AC41-95743E864241}"
EndProject
Project("{FAE04EC0-301F-11D3-BF4B-00C04F79EFBC}") = "hrms.Infranstructure", "hrms.Infranstructure\hrms.Infranstructure.csproj", "{EF0B31AA-81EC-45F1-AFD1-3B82107D8F6C}"
EndProject
Project("{FAE04EC0-301F-11D3-BF4B-00C04F79EFBC}") = "hrms.Persistance", "hrms.Persistance\hrms.Persistance.csproj", "{872F6DEC-9DB5-41DD-9C1F-A758D5A10920}"
EndProject
Project("{FAE04EC0-301F-11D3-BF4B-00C04F79EFBC}") = "hrms.Domain", "hrms.Domain\hrms.Domain.csproj", "{EA3D024B-3933-4F62-895F-EB3B492CC1C9}"
EndProject
Global
	GlobalSection(SolutionConfigurationPlatforms) = preSolution
		Debug|Any CPU = Debug|Any CPU
		Release|Any CPU = Release|Any CPU
	EndGlobalSection
	GlobalSection(ProjectConfigurationPlatforms) = postSolution
		{97BFC0A7-DA1D-4C8E-B654-4982C4A35D50}.Debug|Any CPU.ActiveCfg = Debug|Any CPU
		{97BFC0A7-DA1D-4C8E-B654-4982C4A35D50}.Debug|Any CPU.Build.0 = Debug|Any CPU
		{97BFC0A7-DA1D-4C8E-B654-4982C4A35D50}.Release|Any CPU.ActiveCfg = Release|Any CPU
		{97BFC0A7-DA1D-4C8E-B654-4982C4A35D50}.Release|Any CPU.Build.0 = Release|Any CPU
		{55A2EB5C-33D0-4DB4-AC41-95743E864241}.Debug|Any CPU.ActiveCfg = Debug|Any CPU
		{55A2EB5C-33D0-4DB4-AC41-95743E864241}.Debug|Any CPU.Build.0 = Debug|Any CPU
		{55A2EB5C-33D0-4DB4-AC41-95743E864241}.Release|Any CPU.ActiveCfg = Release|Any CPU
		{55A2EB5C-33D0-4DB4-AC41-95743E864241}.Release|Any CPU.Build.0 = Release|Any CPU
		{EF0B31AA-81EC-45F1-AFD1-3B82107D8F6C}.Debug|Any CPU.ActiveCfg = Debug|Any CPU
		{EF0B31AA-81EC-45F1-AFD1-3B82107D8F6C}.Debug|Any CPU.Build.0 = Debug|Any CPU
		{EF0B31AA-81EC-45F1-AFD1-3B82107D8F6C}.Release|Any CPU.ActiveCfg = Release|Any CPU
		{EF0B31AA-81EC-45F1-AFD1-3B82107D8F6C}.Release|Any CPU.Build.0 = Release|Any CPU
		{872F6DEC-9DB5-41DD-9C1F-A758D5A10920}.Debug|Any CPU.ActiveCfg = Debug|Any CPU
		{872F6DEC-9DB5-41DD-9C1F-A758D5A10920}.Debug|Any CPU.Build.0 = Debug|Any CPU
		{872F6DEC-9DB5-41DD-9C1F-A758D5A10920}.Release|Any CPU.ActiveCfg = Release|Any CPU
		{872F6DEC-9DB5-41DD-9C1F-A758D5A10920}.Release|Any CPU.Build.0 = Release|Any CPU
		{EA3D024B-3933-4F62-895F-EB3B492CC1C9}.Debug|Any CPU.ActiveCfg = Debug|Any CPU
		{EA3D024B-3933-4F62-895F-EB3B492CC1C9}.Debug|Any CPU.Build.0 = Debug|Any CPU
		{EA3D024B-3933-4F62-895F-EB3B492CC1C9}.Release|Any CPU.ActiveCfg = Release|Any CPU
		{EA3D024B-3933-4F62-895F-EB3B492CC1C9}.Release|Any CPU.Build.0 = Release|Any CPU
	EndGlobalSection
	GlobalSection(SolutionProperties) = preSolution
		HideSolutionNode = FALSE
	EndGlobalSection
	GlobalSection(NestedProjects) = preSolution
		{97BFC0A7-DA1D-4C8E-B654-4982C4A35D50} = {D1F97EC0-1158-4DDD-8533-2616D2D67E54}
		{55A2EB5C-33D0-4DB4-AC41-95743E864241} = {B6504A2D-6257-485E-A6FD-54AA7DED339E}
		{EF0B31AA-81EC-45F1-AFD1-3B82107D8F6C} = {B6504A2D-6257-485E-A6FD-54AA7DED339E}
		{872F6DEC-9DB5-41DD-9C1F-A758D5A10920} = {9B66B853-8704-4424-9FD0-5B15C7AB6F21}
		{EA3D024B-3933-4F62-895F-EB3B492CC1C9} = {9B66B853-8704-4424-9FD0-5B15C7AB6F21}
	EndGlobalSection
	GlobalSection(ExtensibilityGlobals) = postSolution
		SolutionGuid = {4552B50E-A2B8-4763-A4C7-D95FFEE5C99A}
	EndGlobalSection
EndGlobal
